
Microsoft Visual Studio Solution File, Format Version 12.00
# Visual Studio Version 17
VisualStudioVersion = 17.4.33213.308
MinimumVisualStudioVersion = 10.0.40219.1
Project("{FAE04EC0-301F-11D3-BF4B-00C04F79EFBC}") = "cnLadoTriangulo", "cnLadoTriangulo\cnLadoTriangulo.csproj", "{3EF8B0CE-6336-4486-8892-E4058B7495F3}"
EndProject
Global
	GlobalSection(SolutionConfigurationPlatforms) = preSolution
		Debug|Any CPU = Debug|Any CPU
		Release|Any CPU = Release|Any CPU
	EndGlobalSection
	GlobalSection(ProjectConfigurationPlatforms) = postSolution
		{3EF8B0CE-6336-4486-8892-E4058B7495F3}.Debug|Any CPU.ActiveCfg = Debug|Any CPU
		{3EF8B0CE-6336-4486-8892-E4058B7495F3}.Debug|Any CPU.Build.0 = Debug|Any CPU
		{3EF8B0CE-6336-4486-8892-E4058B7495F3}.Release|Any CPU.ActiveCfg = Release|Any CPU
		{3EF8B0CE-6336-4486-8892-E4058B7495F3}.Release|Any CPU.Build.0 = Release|Any CPU
	EndGlobalSection
	GlobalSection(SolutionProperties) = preSolution
		HideSolutionNode = FALSE
	EndGlobalSection
	GlobalSection(ExtensibilityGlobals) = postSolution
		SolutionGuid = {B038342F-DB3C-4A39-BE07-7379AEB1BA0C}
	EndGlobalSection
EndGlobal
